
Microsoft Visual Studio Solution File, Format Version 12.00
# Visual Studio Version 17
VisualStudioVersion = 17.10.35013.160
MinimumVisualStudioVersion = 10.0.40219.1
Project("{FAE04EC0-301F-11D3-BF4B-00C04F79EFBC}") = "bukva_poisk", "bukva_poisk\bukva_poisk.csproj", "{CCAFED44-E142-42EC-ABBC-EF28D4A88856}"
EndProject
Global
	GlobalSection(SolutionConfigurationPlatforms) = preSolution
		Debug|Any CPU = Debug|Any CPU
		Release|Any CPU = Release|Any CPU
	EndGlobalSection
	GlobalSection(ProjectConfigurationPlatforms) = postSolution
		{CCAFED44-E142-42EC-ABBC-EF28D4A88856}.Debug|Any CPU.ActiveCfg = Debug|Any CPU
		{CCAFED44-E142-42EC-ABBC-EF28D4A88856}.Debug|Any CPU.Build.0 = Debug|Any CPU
		{CCAFED44-E142-42EC-ABBC-EF28D4A88856}.Release|Any CPU.ActiveCfg = Release|Any CPU
		{CCAFED44-E142-42EC-ABBC-EF28D4A88856}.Release|Any CPU.Build.0 = Release|Any CPU
	EndGlobalSection
	GlobalSection(SolutionProperties) = preSolution
		HideSolutionNode = FALSE
	EndGlobalSection
	GlobalSection(ExtensibilityGlobals) = postSolution
		SolutionGuid = {59EFC7C8-77B5-44CB-A4B7-1151740B916D}
	EndGlobalSection
EndGlobal
